
Microsoft Visual Studio Solution File, Format Version 12.00
# Visual Studio 15
VisualStudioVersion = 15.0.26124.0
MinimumVisualStudioVersion = 15.0.26124.0
Project("{FAE04EC0-301F-11D3-BF4B-00C04F79EFBC}") = "W2N", "src\W2N.csproj", "{C4E6040D-1ED8-462B-B362-716A138B0E4B}"
EndProject
Project("{FAE04EC0-301F-11D3-BF4B-00C04F79EFBC}") = "TestW2N", "test\TestW2N.csproj", "{24C2D5EE-EACD-4A15-AAA4-049D8702D92D}"
EndProject
Global
	GlobalSection(SolutionProperties) = preSolution
		HideSolutionNode = FALSE
	EndGlobalSection
	GlobalSection(SolutionConfigurationPlatforms) = preSolution
		Debug|Any CPU = Debug|Any CPU
		Debug|x64 = Debug|x64
		Debug|x86 = Debug|x86
		Release|Any CPU = Release|Any CPU
		Release|x64 = Release|x64
		Release|x86 = Release|x86
	EndGlobalSection
	GlobalSection(ProjectConfigurationPlatforms) = postSolution
		{C4E6040D-1ED8-462B-B362-716A138B0E4B}.Debug|Any CPU.ActiveCfg = Debug|Any CPU
		{C4E6040D-1ED8-462B-B362-716A138B0E4B}.Debug|Any CPU.Build.0 = Debug|Any CPU
		{C4E6040D-1ED8-462B-B362-716A138B0E4B}.Debug|x64.ActiveCfg = Debug|Any CPU
		{C4E6040D-1ED8-462B-B362-716A138B0E4B}.Debug|x64.Build.0 = Debug|Any CPU
		{C4E6040D-1ED8-462B-B362-716A138B0E4B}.Debug|x86.ActiveCfg = Debug|Any CPU
		{C4E6040D-1ED8-462B-B362-716A138B0E4B}.Debug|x86.Build.0 = Debug|Any CPU
		{C4E6040D-1ED8-462B-B362-716A138B0E4B}.Release|Any CPU.ActiveCfg = Release|Any CPU
		{C4E6040D-1ED8-462B-B362-716A138B0E4B}.Release|Any CPU.Build.0 = Release|Any CPU
		{C4E6040D-1ED8-462B-B362-716A138B0E4B}.Release|x64.ActiveCfg = Release|Any CPU
		{C4E6040D-1ED8-462B-B362-716A138B0E4B}.Release|x64.Build.0 = Release|Any CPU
		{C4E6040D-1ED8-462B-B362-716A138B0E4B}.Release|x86.ActiveCfg = Release|Any CPU
		{C4E6040D-1ED8-462B-B362-716A138B0E4B}.Release|x86.Build.0 = Release|Any CPU
		{24C2D5EE-EACD-4A15-AAA4-049D8702D92D}.Debug|Any CPU.ActiveCfg = Debug|Any CPU
		{24C2D5EE-EACD-4A15-AAA4-049D8702D92D}.Debug|Any CPU.Build.0 = Debug|Any CPU
		{24C2D5EE-EACD-4A15-AAA4-049D8702D92D}.Debug|x64.ActiveCfg = Debug|Any CPU
		{24C2D5EE-EACD-4A15-AAA4-049D8702D92D}.Debug|x64.Build.0 = Debug|Any CPU
		{24C2D5EE-EACD-4A15-AAA4-049D8702D92D}.Debug|x86.ActiveCfg = Debug|Any CPU
		{24C2D5EE-EACD-4A15-AAA4-049D8702D92D}.Debug|x86.Build.0 = Debug|Any CPU
		{24C2D5EE-EACD-4A15-AAA4-049D8702D92D}.Release|Any CPU.ActiveCfg = Release|Any CPU
		{24C2D5EE-EACD-4A15-AAA4-049D8702D92D}.Release|Any CPU.Build.0 = Release|Any CPU
		{24C2D5EE-EACD-4A15-AAA4-049D8702D92D}.Release|x64.ActiveCfg = Release|Any CPU
		{24C2D5EE-EACD-4A15-AAA4-049D8702D92D}.Release|x64.Build.0 = Release|Any CPU
		{24C2D5EE-EACD-4A15-AAA4-049D8702D92D}.Release|x86.ActiveCfg = Release|Any CPU
		{24C2D5EE-EACD-4A15-AAA4-049D8702D92D}.Release|x86.Build.0 = Release|Any CPU
	EndGlobalSection
EndGlobal
